
Microsoft Visual Studio Solution File, Format Version 12.00
# Visual Studio Version 17
VisualStudioVersion = 17.2.32616.157
MinimumVisualStudioVersion = 10.0.40219.1
Project("{FAE04EC0-301F-11D3-BF4B-00C04F79EFBC}") = "photography", "photography\photography.csproj", "{4EFFAA66-BB36-4BBA-AD6E-2FC00A3FC41F}"
EndProject
Global
	GlobalSection(SolutionConfigurationPlatforms) = preSolution
		Debug|Any CPU = Debug|Any CPU
		Release|Any CPU = Release|Any CPU
	EndGlobalSection
	GlobalSection(ProjectConfigurationPlatforms) = postSolution
		{4EFFAA66-BB36-4BBA-AD6E-2FC00A3FC41F}.Debug|Any CPU.ActiveCfg = Debug|Any CPU
		{4EFFAA66-BB36-4BBA-AD6E-2FC00A3FC41F}.Debug|Any CPU.Build.0 = Debug|Any CPU
		{4EFFAA66-BB36-4BBA-AD6E-2FC00A3FC41F}.Release|Any CPU.ActiveCfg = Release|Any CPU
		{4EFFAA66-BB36-4BBA-AD6E-2FC00A3FC41F}.Release|Any CPU.Build.0 = Release|Any CPU
	EndGlobalSection
	GlobalSection(SolutionProperties) = preSolution
		HideSolutionNode = FALSE
	EndGlobalSection
	GlobalSection(ExtensibilityGlobals) = postSolution
		SolutionGuid = {D2F8E4AB-861B-4004-A8ED-158EB7E4BF52}
	EndGlobalSection
EndGlobal
